{
  "name": "wantedcat",
  "lockfileVersion": 3,
  "requires": true,
  "packages": {
    "": {
      "dependencies": {
        "az": "^0.2.3"
      }
    },
    "node_modules/az": {
      "version": "0.2.3",
      "resolved": "https://registry.npmjs.org/az/-/az-0.2.3.tgz",
      "integrity": "sha512-U8d6Tw8ohZ8dcEp8aKjFYo+DU3BT8JPmYqmW0A0BsWW8ocP+F6gLZvrtglHq7pYa84dCEp3NHAoZoC4W3Lth2w==",
      "license": "MIT"
    }
  }
}
